lockfileVersion: 5.4

specifiers:
  playwright-core: ^1.24.2

dependencies:
  playwright-core: 1.24.2

packages:

  /playwright-core/1.24.2:
    resolution: {integrity: sha512-zfAoDoPY/0sDLsgSgLZwWmSCevIg1ym7CppBwllguVBNiHeixZkc1AdMuYUPZC6AdEYc4CxWEyLMBTw2YcmRrA==}
    engines: {node: '>=14'}
    hasBin: true
    dev: false
