lockfileVersion: '6.0'

settings:
  autoInstallPeers: true
  excludeLinksFromLockfile: false

dependencies:
  playwright-core:
    specifier: ^1.36.0
    version: 1.36.0

packages:

  /playwright-core@1.36.0:
    resolution: {integrity: sha512-7RTr8P6YJPAqB+8j5ATGHqD6LvLLM39sYVNsslh78g8QeLcBs5750c6+msjrHUwwGt+kEbczBj1XB22WMwn+WA==}
    engines: {node: '>=16'}
    hasBin: true
    dev: false
